
Microsoft Visual Studio Solution File, Format Version 12.00
# Visual Studio Version 16
VisualStudioVersion = 16.0.29613.14
MinimumVisualStudioVersion = 10.0.40219.1
Project("{FAE04EC0-301F-11D3-BF4B-00C04F79EFBC}") = "TelLitTransXaml.Android", "TelLitTransXaml.Android\TelLitTransXaml.Android.csproj", "{FFF1ABFF-D002-4BF1-AEDA-E407FAACBAD5}"
EndProject
Project("{FAE04EC0-301F-11D3-BF4B-00C04F79EFBC}") = "TelLitTransXaml.iOS", "TelLitTransXaml.iOS\TelLitTransXaml.iOS.csproj", "{83689AE8-F569-479B-B104-0FC711645684}"
EndProject
Project("{FAE04EC0-301F-11D3-BF4B-00C04F79EFBC}") = "TelLitTransXaml", "TelLitTransXaml\TelLitTransXaml.csproj", "{20B0A5F0-7D01-4598-ABC3-A29A7B2184AD}"
EndProject
Global
	GlobalSection(SolutionConfigurationPlatforms) = preSolution
		Debug|Any CPU = Debug|Any CPU
		Debug|iPhone = Debug|iPhone
		Debug|iPhoneSimulator = Debug|iPhoneSimulator
		Release|Any CPU = Release|Any CPU
		Release|iPhone = Release|iPhone
		Release|iPhoneSimulator = Release|iPhoneSimulator
	EndGlobalSection
	GlobalSection(ProjectConfigurationPlatforms) = postSolution
		{FFF1ABFF-D002-4BF1-AEDA-E407FAACBAD5}.Debug|Any CPU.ActiveCfg = Debug|Any CPU
		{FFF1ABFF-D002-4BF1-AEDA-E407FAACBAD5}.Debug|Any CPU.Build.0 = Debug|Any CPU
		{FFF1ABFF-D002-4BF1-AEDA-E407FAACBAD5}.Debug|Any CPU.Deploy.0 = Debug|Any CPU
		{FFF1ABFF-D002-4BF1-AEDA-E407FAACBAD5}.Debug|iPhone.ActiveCfg = Debug|Any CPU
		{FFF1ABFF-D002-4BF1-AEDA-E407FAACBAD5}.Debug|iPhone.Build.0 = Debug|Any CPU
		{FFF1ABFF-D002-4BF1-AEDA-E407FAACBAD5}.Debug|iPhone.Deploy.0 = Debug|Any CPU
		{FFF1ABFF-D002-4BF1-AEDA-E407FAACBAD5}.Debug|iPhoneSimulator.ActiveCfg = Debug|Any CPU
		{FFF1ABFF-D002-4BF1-AEDA-E407FAACBAD5}.Debug|iPhoneSimulator.Build.0 = Debug|Any CPU
		{FFF1ABFF-D002-4BF1-AEDA-E407FAACBAD5}.Debug|iPhoneSimulator.Deploy.0 = Debug|Any CPU
		{FFF1ABFF-D002-4BF1-AEDA-E407FAACBAD5}.Release|Any CPU.ActiveCfg = Release|Any CPU
		{FFF1ABFF-D002-4BF1-AEDA-E407FAACBAD5}.Release|Any CPU.Build.0 = Release|Any CPU
		{FFF1ABFF-D002-4BF1-AEDA-E407FAACBAD5}.Release|Any CPU.Deploy.0 = Release|Any CPU
		{FFF1ABFF-D002-4BF1-AEDA-E407FAACBAD5}.Release|iPhone.ActiveCfg = Release|Any CPU
		{FFF1ABFF-D002-4BF1-AEDA-E407FAACBAD5}.Release|iPhone.Build.0 = Release|Any CPU
		{FFF1ABFF-D002-4BF1-AEDA-E407FAACBAD5}.Release|iPhone.Deploy.0 = Release|Any CPU
		{FFF1ABFF-D002-4BF1-AEDA-E407FAACBAD5}.Release|iPhoneSimulator.ActiveCfg = Release|Any CPU
		{FFF1ABFF-D002-4BF1-AEDA-E407FAACBAD5}.Release|iPhoneSimulator.Build.0 = Release|Any CPU
		{FFF1ABFF-D002-4BF1-AEDA-E407FAACBAD5}.Release|iPhoneSimulator.Deploy.0 = Release|Any CPU
		{83689AE8-F569-479B-B104-0FC711645684}.Debug|Any CPU.ActiveCfg = Debug|iPhoneSimulator
		{83689AE8-F569-479B-B104-0FC711645684}.Debug|Any CPU.Build.0 = Debug|iPhoneSimulator
		{83689AE8-F569-479B-B104-0FC711645684}.Debug|Any CPU.Deploy.0 = Debug|iPhoneSimulator
		{83689AE8-F569-479B-B104-0FC711645684}.Debug|iPhone.ActiveCfg = Debug|iPhone
		{83689AE8-F569-479B-B104-0FC711645684}.Debug|iPhone.Build.0 = Debug|iPhone
		{83689AE8-F569-479B-B104-0FC711645684}.Debug|iPhone.Deploy.0 = Debug|iPhone
		{83689AE8-F569-479B-B104-0FC711645684}.Debug|iPhoneSimulator.ActiveCfg = Debug|iPhoneSimulator
		{83689AE8-F569-479B-B104-0FC711645684}.Debug|iPhoneSimulator.Build.0 = Debug|iPhoneSimulator
		{83689AE8-F569-479B-B104-0FC711645684}.Debug|iPhoneSimulator.Deploy.0 = Debug|iPhoneSimulator
		{83689AE8-F569-479B-B104-0FC711645684}.Release|Any CPU.ActiveCfg = Release|iPhone
		{83689AE8-F569-479B-B104-0FC711645684}.Release|Any CPU.Build.0 = Release|iPhone
		{83689AE8-F569-479B-B104-0FC711645684}.Release|Any CPU.Deploy.0 = Release|iPhone
		{83689AE8-F569-479B-B104-0FC711645684}.Release|iPhone.ActiveCfg = Release|iPhone
		{83689AE8-F569-479B-B104-0FC711645684}.Release|iPhone.Build.0 = Release|iPhone
		{83689AE8-F569-479B-B104-0FC711645684}.Release|iPhone.Deploy.0 = Release|iPhone
		{83689AE8-F569-479B-B104-0FC711645684}.Release|iPhoneSimulator.ActiveCfg = Release|iPhoneSimulator
		{83689AE8-F569-479B-B104-0FC711645684}.Release|iPhoneSimulator.Build.0 = Release|iPhoneSimulator
		{83689AE8-F569-479B-B104-0FC711645684}.Release|iPhoneSimulator.Deploy.0 = Release|iPhoneSimulator
		{20B0A5F0-7D01-4598-ABC3-A29A7B2184AD}.Debug|Any CPU.ActiveCfg = Debug|Any CPU
		{20B0A5F0-7D01-4598-ABC3-A29A7B2184AD}.Debug|Any CPU.Build.0 = Debug|Any CPU
		{20B0A5F0-7D01-4598-ABC3-A29A7B2184AD}.Debug|Any CPU.Deploy.0 = Debug|Any CPU
		{20B0A5F0-7D01-4598-ABC3-A29A7B2184AD}.Debug|iPhone.ActiveCfg = Debug|Any CPU
		{20B0A5F0-7D01-4598-ABC3-A29A7B2184AD}.Debug|iPhone.Build.0 = Debug|Any CPU
		{20B0A5F0-7D01-4598-ABC3-A29A7B2184AD}.Debug|iPhone.Deploy.0 = Debug|Any CPU
		{20B0A5F0-7D01-4598-ABC3-A29A7B2184AD}.Debug|iPhoneSimulator.ActiveCfg = Debug|Any CPU
		{20B0A5F0-7D01-4598-ABC3-A29A7B2184AD}.Debug|iPhoneSimulator.Build.0 = Debug|Any CPU
		{20B0A5F0-7D01-4598-ABC3-A29A7B2184AD}.Debug|iPhoneSimulator.Deploy.0 = Debug|Any CPU
		{20B0A5F0-7D01-4598-ABC3-A29A7B2184AD}.Release|Any CPU.ActiveCfg = Release|Any CPU
		{20B0A5F0-7D01-4598-ABC3-A29A7B2184AD}.Release|Any CPU.Build.0 = Release|Any CPU
		{20B0A5F0-7D01-4598-ABC3-A29A7B2184AD}.Release|Any CPU.Deploy.0 = Release|Any CPU
		{20B0A5F0-7D01-4598-ABC3-A29A7B2184AD}.Release|iPhone.ActiveCfg = Release|Any CPU
		{20B0A5F0-7D01-4598-ABC3-A29A7B2184AD}.Release|iPhone.Build.0 = Release|Any CPU
		{20B0A5F0-7D01-4598-ABC3-A29A7B2184AD}.Release|iPhone.Deploy.0 = Release|Any CPU
		{20B0A5F0-7D01-4598-ABC3-A29A7B2184AD}.Release|iPhoneSimulator.ActiveCfg = Release|Any CPU
		{20B0A5F0-7D01-4598-ABC3-A29A7B2184AD}.Release|iPhoneSimulator.Build.0 = Release|Any CPU
		{20B0A5F0-7D01-4598-ABC3-A29A7B2184AD}.Release|iPhoneSimulator.Deploy.0 = Release|Any CPU
	EndGlobalSection
	GlobalSection(SolutionProperties) = preSolution
		HideSolutionNode = FALSE
	EndGlobalSection
	GlobalSection(ExtensibilityGlobals) = postSolution
		SolutionGuid = {244A2FF2-7D71-4EC8-8AA4-97A23A5E51C8}
	EndGlobalSection
EndGlobal
